<Solution>
  <Folder Name="/src/">
    <Project Path="src/EditorWpf/EditorWpf.csproj" />
  </Folder>
  <Project Path="src/Engine.Core/Engine.Core.csproj" />
  <Project Path="src/Engine.Runtime.MonoGame/Engine.Runtime.MonoGame.csproj" />
  <Project Path="src/SandboxGame/SandboxGame.csproj" />
  <Project Path="tools/Tools.AtlasSlicer/Tools.AtlasSlicer.csproj" Id="e3e40773-c70e-4b10-b87a-96f72e644719" />
</Solution>
